
Microsoft Visual Studio Solution File, Format Version 12.00
# Visual Studio 15
Project("{2150E333-8FDC-42A3-9474-1A3956D46DE8}") = "Bindings", "Bindings", "{B328105B-5443-4594-A24F-E24E03AC7744}"
EndProject
Project("{2150E333-8FDC-42A3-9474-1A3956D46DE8}") = "NativeApp", "NativeApp", "{7FD4F8FF-60EE-4BE9-9C15-4CFF47D488FF}"
EndProject
Project("{2150E333-8FDC-42A3-9474-1A3956D46DE8}") = "FormApp", "FormApp", "{DC7AD346-A1AB-439E-AC1A-122CB2BC2D2E}"
EndProject
Project("{FAE04EC0-301F-11D3-BF4B-00C04F79EFBC}") = "WTNativeApp", "NativeApp\WTNativeApp\WTNativeApp.csproj", "{FD3CC800-1FCE-4E9A-84A8-DD9A5A9BC524}"
EndProject
Project("{FAE04EC0-301F-11D3-BF4B-00C04F79EFBC}") = "WTNativeApp.Droid", "NativeApp\Droid\WTNativeApp.Droid.csproj", "{75359A0A-B2E1-4646-B36A-1732622BDA7D}"
EndProject
Project("{FAE04EC0-301F-11D3-BF4B-00C04F79EFBC}") = "WTNativeApp.iOS", "NativeApp\iOS\WTNativeApp.iOS.csproj", "{BA866366-D667-4796-A880-D8569CA0418B}"
EndProject
Project("{FAE04EC0-301F-11D3-BF4B-00C04F79EFBC}") = "WTFormApp.Android", "FormApp\WTFormApp.Android\WTFormApp.Android.csproj", "{40062F00-F1AC-494B-8D81-721FC62BE882}"
EndProject
Project("{FAE04EC0-301F-11D3-BF4B-00C04F79EFBC}") = "WTFormApp.iOS", "FormApp\WTFormApp.iOS\WTFormApp.iOS.csproj", "{A15ADB16-693C-469C-B08C-365AE7893553}"
EndProject
Project("{FAE04EC0-301F-11D3-BF4B-00C04F79EFBC}") = "WTFormApp", "FormApp\WTFormApp\WTFormApp.csproj", "{CBF6F630-9FF3-40B7-A402-0E729ABDDEE5}"
EndProject
Project("{FAE04EC0-301F-11D3-BF4B-00C04F79EFBC}") = "WannatalkSDK.Droid", "Bindings\WannatalkSDK.Droid\WannatalkSDK.Droid.csproj", "{E4765647-7CAD-42AB-A540-FDB69789D2F0}"
EndProject
Project("{FAE04EC0-301F-11D3-BF4B-00C04F79EFBC}") = "CommonsIO", "Bindings\CommonsIO\CommonsIO.csproj", "{59AF940A-55D4-425D-9A49-DFD0DC555ACE}"
EndProject
Project("{FAE04EC0-301F-11D3-BF4B-00C04F79EFBC}") = "Fresco", "Bindings\Fresco\Fresco.csproj", "{4D8F90CA-A9DD-4D79-B17E-53725B6B111B}"
EndProject
Project("{FAE04EC0-301F-11D3-BF4B-00C04F79EFBC}") = "FrescoAnimatedBase", "Bindings\FrescoAnimatedBase\FrescoAnimatedBase.csproj", "{75C90729-A0DF-47A8-93E8-2460490A1343}"
EndProject
Project("{FAE04EC0-301F-11D3-BF4B-00C04F79EFBC}") = "FrescoAnimatedDrawable", "Bindings\FrescoAnimatedDrawable\FrescoAnimatedDrawable.csproj", "{B021DC28-98A9-4DC2-8DE7-498FDA6BB58A}"
EndProject
Project("{FAE04EC0-301F-11D3-BF4B-00C04F79EFBC}") = "FrescoAnimatedGif", "Bindings\FrescoAnimatedGif\FrescoAnimatedGif.csproj", "{56C6249F-033B-4558-AA31-384F20C7E11F}"
EndProject
Project("{FAE04EC0-301F-11D3-BF4B-00C04F79EFBC}") = "FrescoBoltsTasks", "Bindings\FrescoBoltsTasks\FrescoBoltsTasks.csproj", "{830031BA-EF6A-485D-8BC5-243335FA30C0}"
EndProject
Project("{FAE04EC0-301F-11D3-BF4B-00C04F79EFBC}") = "FrescoCore", "Bindings\FrescoCore\FrescoCore.csproj", "{5228E7B7-8C29-4C04-8347-E11BF9975265}"
EndProject
Project("{FAE04EC0-301F-11D3-BF4B-00C04F79EFBC}") = "FrescoDrawee", "Bindings\FrescoDrawee\FrescoDrawee.csproj", "{F4958E7E-F517-41B9-871C-4F3E4A16766F}"
EndProject
Project("{FAE04EC0-301F-11D3-BF4B-00C04F79EFBC}") = "FrescoImagepipeline", "Bindings\FrescoImagepipeline\FrescoImagepipeline.csproj", "{EB884A9A-7760-4CB9-B6EE-0B90E3FC3AE0}"
EndProject
Project("{FAE04EC0-301F-11D3-BF4B-00C04F79EFBC}") = "FrescoImagepipelineBase", "Bindings\FrescoImagepipelineBase\FrescoImagepipelineBase.csproj", "{014FE67F-FE42-4AF5-8A97-2A11E1665647}"
EndProject
Project("{FAE04EC0-301F-11D3-BF4B-00C04F79EFBC}") = "AsyncJob", "Bindings\AsyncJob\AsyncJob.csproj", "{F5B03DAF-E70B-45BB-AEC2-508E1F8CD3C5}"
EndProject
Project("{FAE04EC0-301F-11D3-BF4B-00C04F79EFBC}") = "GlideTransform", "Bindings\GlideTransform\GlideTransform.csproj", "{0EE6FB7C-C173-48AE-9B6A-E399372F65EC}"
EndProject
Project("{FAE04EC0-301F-11D3-BF4B-00C04F79EFBC}") = "LinkMovement", "Bindings\LinkMovement\LinkMovement.csproj", "{9AA61866-BB4C-4A0E-B903-B2E0E5649175}"
EndProject
Project("{FAE04EC0-301F-11D3-BF4B-00C04F79EFBC}") = "SquareOtto", "Bindings\SquareOtto\SquareOtto.csproj", "{93CB160C-AE69-44AA-A0B2-E2BCC2ACF9BA}"
EndProject
Project("{FAE04EC0-301F-11D3-BF4B-00C04F79EFBC}") = "WannatalkSDK.iOS", "Bindings\WannatalkSDK.iOS\WannatalkSDK.iOS.csproj", "{A0731AFC-D504-4F3D-88BF-012158756B4F}"
EndProject
Global
	GlobalSection(SolutionConfigurationPlatforms) = preSolution
		Debug|anycpu = Debug|anycpu
		Release|anycpu = Release|anycpu
		Debug|iPhoneSimulator = Debug|iPhoneSimulator
		Release|iPhone = Release|iPhone
		Release|iPhoneSimulator = Release|iPhoneSimulator
		Debug|iPhone = Debug|iPhone
	EndGlobalSection
	GlobalSection(ProjectConfigurationPlatforms) = postSolution
		{FD3CC800-1FCE-4E9A-84A8-DD9A5A9BC524}.Debug|anycpu.ActiveCfg = Debug|Any CPU
		{FD3CC800-1FCE-4E9A-84A8-DD9A5A9BC524}.Debug|anycpu.Build.0 = Debug|Any CPU
		{FD3CC800-1FCE-4E9A-84A8-DD9A5A9BC524}.Release|anycpu.ActiveCfg = Release|Any CPU
		{FD3CC800-1FCE-4E9A-84A8-DD9A5A9BC524}.Release|anycpu.Build.0 = Release|Any CPU
		{FD3CC800-1FCE-4E9A-84A8-DD9A5A9BC524}.Debug|iPhoneSimulator.ActiveCfg = Debug|Any CPU
		{FD3CC800-1FCE-4E9A-84A8-DD9A5A9BC524}.Debug|iPhoneSimulator.Build.0 = Debug|Any CPU
		{FD3CC800-1FCE-4E9A-84A8-DD9A5A9BC524}.Release|iPhone.ActiveCfg = Release|Any CPU
		{FD3CC800-1FCE-4E9A-84A8-DD9A5A9BC524}.Release|iPhone.Build.0 = Release|Any CPU
		{FD3CC800-1FCE-4E9A-84A8-DD9A5A9BC524}.Release|iPhoneSimulator.ActiveCfg = Release|Any CPU
		{FD3CC800-1FCE-4E9A-84A8-DD9A5A9BC524}.Release|iPhoneSimulator.Build.0 = Release|Any CPU
		{FD3CC800-1FCE-4E9A-84A8-DD9A5A9BC524}.Debug|iPhone.ActiveCfg = Debug|Any CPU
		{FD3CC800-1FCE-4E9A-84A8-DD9A5A9BC524}.Debug|iPhone.Build.0 = Debug|Any CPU
		{75359A0A-B2E1-4646-B36A-1732622BDA7D}.Debug|anycpu.ActiveCfg = Debug|Any CPU
		{75359A0A-B2E1-4646-B36A-1732622BDA7D}.Debug|anycpu.Build.0 = Debug|Any CPU
		{75359A0A-B2E1-4646-B36A-1732622BDA7D}.Release|anycpu.ActiveCfg = Release|Any CPU
		{75359A0A-B2E1-4646-B36A-1732622BDA7D}.Release|anycpu.Build.0 = Release|Any CPU
		{75359A0A-B2E1-4646-B36A-1732622BDA7D}.Debug|iPhoneSimulator.ActiveCfg = Debug|Any CPU
		{75359A0A-B2E1-4646-B36A-1732622BDA7D}.Debug|iPhoneSimulator.Build.0 = Debug|Any CPU
		{75359A0A-B2E1-4646-B36A-1732622BDA7D}.Release|iPhone.ActiveCfg = Release|Any CPU
		{75359A0A-B2E1-4646-B36A-1732622BDA7D}.Release|iPhone.Build.0 = Release|Any CPU
		{75359A0A-B2E1-4646-B36A-1732622BDA7D}.Release|iPhoneSimulator.ActiveCfg = Release|Any CPU
		{75359A0A-B2E1-4646-B36A-1732622BDA7D}.Release|iPhoneSimulator.Build.0 = Release|Any CPU
		{75359A0A-B2E1-4646-B36A-1732622BDA7D}.Debug|iPhone.ActiveCfg = Debug|Any CPU
		{75359A0A-B2E1-4646-B36A-1732622BDA7D}.Debug|iPhone.Build.0 = Debug|Any CPU
		{BA866366-D667-4796-A880-D8569CA0418B}.Debug|anycpu.ActiveCfg = Debug|iPhoneSimulator
		{BA866366-D667-4796-A880-D8569CA0418B}.Debug|anycpu.Build.0 = Debug|iPhoneSimulator
		{BA866366-D667-4796-A880-D8569CA0418B}.Release|anycpu.ActiveCfg = Release|iPhone
		{BA866366-D667-4796-A880-D8569CA0418B}.Release|anycpu.Build.0 = Release|iPhone
		{BA866366-D667-4796-A880-D8569CA0418B}.Debug|iPhoneSimulator.ActiveCfg = Debug|iPhoneSimulator
		{BA866366-D667-4796-A880-D8569CA0418B}.Debug|iPhoneSimulator.Build.0 = Debug|iPhoneSimulator
		{BA866366-D667-4796-A880-D8569CA0418B}.Release|iPhone.ActiveCfg = Release|iPhone
		{BA866366-D667-4796-A880-D8569CA0418B}.Release|iPhone.Build.0 = Release|iPhone
		{BA866366-D667-4796-A880-D8569CA0418B}.Release|iPhoneSimulator.ActiveCfg = Release|iPhoneSimulator
		{BA866366-D667-4796-A880-D8569CA0418B}.Release|iPhoneSimulator.Build.0 = Release|iPhoneSimulator
		{BA866366-D667-4796-A880-D8569CA0418B}.Debug|iPhone.ActiveCfg = Debug|iPhone
		{BA866366-D667-4796-A880-D8569CA0418B}.Debug|iPhone.Build.0 = Debug|iPhone
		{40062F00-F1AC-494B-8D81-721FC62BE882}.Debug|anycpu.ActiveCfg = Debug|Any CPU
		{40062F00-F1AC-494B-8D81-721FC62BE882}.Debug|anycpu.Build.0 = Debug|Any CPU
		{40062F00-F1AC-494B-8D81-721FC62BE882}.Release|anycpu.ActiveCfg = Release|Any CPU
		{40062F00-F1AC-494B-8D81-721FC62BE882}.Release|anycpu.Build.0 = Release|Any CPU
		{40062F00-F1AC-494B-8D81-721FC62BE882}.Debug|iPhoneSimulator.ActiveCfg = Debug|Any CPU
		{40062F00-F1AC-494B-8D81-721FC62BE882}.Debug|iPhoneSimulator.Build.0 = Debug|Any CPU
		{40062F00-F1AC-494B-8D81-721FC62BE882}.Release|iPhone.ActiveCfg = Release|Any CPU
		{40062F00-F1AC-494B-8D81-721FC62BE882}.Release|iPhone.Build.0 = Release|Any CPU
		{40062F00-F1AC-494B-8D81-721FC62BE882}.Release|iPhoneSimulator.ActiveCfg = Release|Any CPU
		{40062F00-F1AC-494B-8D81-721FC62BE882}.Release|iPhoneSimulator.Build.0 = Release|Any CPU
		{40062F00-F1AC-494B-8D81-721FC62BE882}.Debug|iPhone.ActiveCfg = Debug|Any CPU
		{40062F00-F1AC-494B-8D81-721FC62BE882}.Debug|iPhone.Build.0 = Debug|Any CPU
		{A15ADB16-693C-469C-B08C-365AE7893553}.Debug|anycpu.ActiveCfg = Debug|iPhoneSimulator
		{A15ADB16-693C-469C-B08C-365AE7893553}.Debug|anycpu.Build.0 = Debug|iPhoneSimulator
		{A15ADB16-693C-469C-B08C-365AE7893553}.Release|anycpu.ActiveCfg = Release|iPhoneSimulator
		{A15ADB16-693C-469C-B08C-365AE7893553}.Release|anycpu.Build.0 = Release|iPhoneSimulator
		{A15ADB16-693C-469C-B08C-365AE7893553}.Debug|iPhoneSimulator.ActiveCfg = Debug|iPhoneSimulator
		{A15ADB16-693C-469C-B08C-365AE7893553}.Debug|iPhoneSimulator.Build.0 = Debug|iPhoneSimulator
		{A15ADB16-693C-469C-B08C-365AE7893553}.Release|iPhone.ActiveCfg = Release|iPhone
		{A15ADB16-693C-469C-B08C-365AE7893553}.Release|iPhone.Build.0 = Release|iPhone
		{A15ADB16-693C-469C-B08C-365AE7893553}.Release|iPhoneSimulator.ActiveCfg = Release|iPhoneSimulator
		{A15ADB16-693C-469C-B08C-365AE7893553}.Release|iPhoneSimulator.Build.0 = Release|iPhoneSimulator
		{A15ADB16-693C-469C-B08C-365AE7893553}.Debug|iPhone.ActiveCfg = Debug|iPhone
		{A15ADB16-693C-469C-B08C-365AE7893553}.Debug|iPhone.Build.0 = Debug|iPhone
		{CBF6F630-9FF3-40B7-A402-0E729ABDDEE5}.Debug|anycpu.ActiveCfg = Debug|Any CPU
		{CBF6F630-9FF3-40B7-A402-0E729ABDDEE5}.Debug|anycpu.Build.0 = Debug|Any CPU
		{CBF6F630-9FF3-40B7-A402-0E729ABDDEE5}.Release|anycpu.ActiveCfg = Release|Any CPU
		{CBF6F630-9FF3-40B7-A402-0E729ABDDEE5}.Release|anycpu.Build.0 = Release|Any CPU
		{CBF6F630-9FF3-40B7-A402-0E729ABDDEE5}.Debug|iPhoneSimulator.ActiveCfg = Debug|Any CPU
		{CBF6F630-9FF3-40B7-A402-0E729ABDDEE5}.Debug|iPhoneSimulator.Build.0 = Debug|Any CPU
		{CBF6F630-9FF3-40B7-A402-0E729ABDDEE5}.Release|iPhone.ActiveCfg = Release|Any CPU
		{CBF6F630-9FF3-40B7-A402-0E729ABDDEE5}.Release|iPhone.Build.0 = Release|Any CPU
		{CBF6F630-9FF3-40B7-A402-0E729ABDDEE5}.Release|iPhoneSimulator.ActiveCfg = Release|Any CPU
		{CBF6F630-9FF3-40B7-A402-0E729ABDDEE5}.Release|iPhoneSimulator.Build.0 = Release|Any CPU
		{CBF6F630-9FF3-40B7-A402-0E729ABDDEE5}.Debug|iPhone.ActiveCfg = Debug|Any CPU
		{CBF6F630-9FF3-40B7-A402-0E729ABDDEE5}.Debug|iPhone.Build.0 = Debug|Any CPU
		{E4765647-7CAD-42AB-A540-FDB69789D2F0}.Debug|anycpu.ActiveCfg = Debug|Any CPU
		{E4765647-7CAD-42AB-A540-FDB69789D2F0}.Debug|anycpu.Build.0 = Debug|Any CPU
		{E4765647-7CAD-42AB-A540-FDB69789D2F0}.Release|anycpu.ActiveCfg = Release|Any CPU
		{E4765647-7CAD-42AB-A540-FDB69789D2F0}.Release|anycpu.Build.0 = Release|Any CPU
		{E4765647-7CAD-42AB-A540-FDB69789D2F0}.Debug|iPhoneSimulator.ActiveCfg = Debug|Any CPU
		{E4765647-7CAD-42AB-A540-FDB69789D2F0}.Debug|iPhoneSimulator.Build.0 = Debug|Any CPU
		{E4765647-7CAD-42AB-A540-FDB69789D2F0}.Release|iPhone.ActiveCfg = Release|Any CPU
		{E4765647-7CAD-42AB-A540-FDB69789D2F0}.Release|iPhone.Build.0 = Release|Any CPU
		{E4765647-7CAD-42AB-A540-FDB69789D2F0}.Release|iPhoneSimulator.ActiveCfg = Release|Any CPU
		{E4765647-7CAD-42AB-A540-FDB69789D2F0}.Release|iPhoneSimulator.Build.0 = Release|Any CPU
		{E4765647-7CAD-42AB-A540-FDB69789D2F0}.Debug|iPhone.ActiveCfg = Debug|Any CPU
		{E4765647-7CAD-42AB-A540-FDB69789D2F0}.Debug|iPhone.Build.0 = Debug|Any CPU
		{59AF940A-55D4-425D-9A49-DFD0DC555ACE}.Debug|anycpu.ActiveCfg = Debug|Any CPU
		{59AF940A-55D4-425D-9A49-DFD0DC555ACE}.Debug|anycpu.Build.0 = Debug|Any CPU
		{59AF940A-55D4-425D-9A49-DFD0DC555ACE}.Release|anycpu.ActiveCfg = Release|Any CPU
		{59AF940A-55D4-425D-9A49-DFD0DC555ACE}.Release|anycpu.Build.0 = Release|Any CPU
		{59AF940A-55D4-425D-9A49-DFD0DC555ACE}.Debug|iPhoneSimulator.ActiveCfg = Debug|Any CPU
		{59AF940A-55D4-425D-9A49-DFD0DC555ACE}.Debug|iPhoneSimulator.Build.0 = Debug|Any CPU
		{59AF940A-55D4-425D-9A49-DFD0DC555ACE}.Release|iPhone.ActiveCfg = Release|Any CPU
		{59AF940A-55D4-425D-9A49-DFD0DC555ACE}.Release|iPhone.Build.0 = Release|Any CPU
		{59AF940A-55D4-425D-9A49-DFD0DC555ACE}.Release|iPhoneSimulator.ActiveCfg = Release|Any CPU
		{59AF940A-55D4-425D-9A49-DFD0DC555ACE}.Release|iPhoneSimulator.Build.0 = Release|Any CPU
		{59AF940A-55D4-425D-9A49-DFD0DC555ACE}.Debug|iPhone.ActiveCfg = Debug|Any CPU
		{59AF940A-55D4-425D-9A49-DFD0DC555ACE}.Debug|iPhone.Build.0 = Debug|Any CPU
		{4D8F90CA-A9DD-4D79-B17E-53725B6B111B}.Debug|anycpu.ActiveCfg = Debug|Any CPU
		{4D8F90CA-A9DD-4D79-B17E-53725B6B111B}.Debug|anycpu.Build.0 = Debug|Any CPU
		{4D8F90CA-A9DD-4D79-B17E-53725B6B111B}.Release|anycpu.ActiveCfg = Release|Any CPU
		{4D8F90CA-A9DD-4D79-B17E-53725B6B111B}.Release|anycpu.Build.0 = Release|Any CPU
		{4D8F90CA-A9DD-4D79-B17E-53725B6B111B}.Debug|iPhoneSimulator.ActiveCfg = Debug|Any CPU
		{4D8F90CA-A9DD-4D79-B17E-53725B6B111B}.Debug|iPhoneSimulator.Build.0 = Debug|Any CPU
		{4D8F90CA-A9DD-4D79-B17E-53725B6B111B}.Release|iPhone.ActiveCfg = Release|Any CPU
		{4D8F90CA-A9DD-4D79-B17E-53725B6B111B}.Release|iPhone.Build.0 = Release|Any CPU
		{4D8F90CA-A9DD-4D79-B17E-53725B6B111B}.Release|iPhoneSimulator.ActiveCfg = Release|Any CPU
		{4D8F90CA-A9DD-4D79-B17E-53725B6B111B}.Release|iPhoneSimulator.Build.0 = Release|Any CPU
		{4D8F90CA-A9DD-4D79-B17E-53725B6B111B}.Debug|iPhone.ActiveCfg = Debug|Any CPU
		{4D8F90CA-A9DD-4D79-B17E-53725B6B111B}.Debug|iPhone.Build.0 = Debug|Any CPU
		{75C90729-A0DF-47A8-93E8-2460490A1343}.Debug|anycpu.ActiveCfg = Debug|Any CPU
		{75C90729-A0DF-47A8-93E8-2460490A1343}.Debug|anycpu.Build.0 = Debug|Any CPU
		{75C90729-A0DF-47A8-93E8-2460490A1343}.Release|anycpu.ActiveCfg = Release|Any CPU
		{75C90729-A0DF-47A8-93E8-2460490A1343}.Release|anycpu.Build.0 = Release|Any CPU
		{75C90729-A0DF-47A8-93E8-2460490A1343}.Debug|iPhoneSimulator.ActiveCfg = Debug|Any CPU
		{75C90729-A0DF-47A8-93E8-2460490A1343}.Debug|iPhoneSimulator.Build.0 = Debug|Any CPU
		{75C90729-A0DF-47A8-93E8-2460490A1343}.Release|iPhone.ActiveCfg = Release|Any CPU
		{75C90729-A0DF-47A8-93E8-2460490A1343}.Release|iPhone.Build.0 = Release|Any CPU
		{75C90729-A0DF-47A8-93E8-2460490A1343}.Release|iPhoneSimulator.ActiveCfg = Release|Any CPU
		{75C90729-A0DF-47A8-93E8-2460490A1343}.Release|iPhoneSimulator.Build.0 = Release|Any CPU
		{75C90729-A0DF-47A8-93E8-2460490A1343}.Debug|iPhone.ActiveCfg = Debug|Any CPU
		{75C90729-A0DF-47A8-93E8-2460490A1343}.Debug|iPhone.Build.0 = Debug|Any CPU
		{B021DC28-98A9-4DC2-8DE7-498FDA6BB58A}.Debug|anycpu.ActiveCfg = Debug|Any CPU
		{B021DC28-98A9-4DC2-8DE7-498FDA6BB58A}.Debug|anycpu.Build.0 = Debug|Any CPU
		{B021DC28-98A9-4DC2-8DE7-498FDA6BB58A}.Release|anycpu.ActiveCfg = Release|Any CPU
		{B021DC28-98A9-4DC2-8DE7-498FDA6BB58A}.Release|anycpu.Build.0 = Release|Any CPU
		{B021DC28-98A9-4DC2-8DE7-498FDA6BB58A}.Debug|iPhoneSimulator.ActiveCfg = Debug|Any CPU
		{B021DC28-98A9-4DC2-8DE7-498FDA6BB58A}.Debug|iPhoneSimulator.Build.0 = Debug|Any CPU
		{B021DC28-98A9-4DC2-8DE7-498FDA6BB58A}.Release|iPhone.ActiveCfg = Release|Any CPU
		{B021DC28-98A9-4DC2-8DE7-498FDA6BB58A}.Release|iPhone.Build.0 = Release|Any CPU
		{B021DC28-98A9-4DC2-8DE7-498FDA6BB58A}.Release|iPhoneSimulator.ActiveCfg = Release|Any CPU
		{B021DC28-98A9-4DC2-8DE7-498FDA6BB58A}.Release|iPhoneSimulator.Build.0 = Release|Any CPU
		{B021DC28-98A9-4DC2-8DE7-498FDA6BB58A}.Debug|iPhone.ActiveCfg = Debug|Any CPU
		{B021DC28-98A9-4DC2-8DE7-498FDA6BB58A}.Debug|iPhone.Build.0 = Debug|Any CPU
		{56C6249F-033B-4558-AA31-384F20C7E11F}.Debug|anycpu.ActiveCfg = Debug|Any CPU
		{56C6249F-033B-4558-AA31-384F20C7E11F}.Debug|anycpu.Build.0 = Debug|Any CPU
		{56C6249F-033B-4558-AA31-384F20C7E11F}.Release|anycpu.ActiveCfg = Release|Any CPU
		{56C6249F-033B-4558-AA31-384F20C7E11F}.Release|anycpu.Build.0 = Release|Any CPU
		{56C6249F-033B-4558-AA31-384F20C7E11F}.Debug|iPhoneSimulator.ActiveCfg = Debug|Any CPU
		{56C6249F-033B-4558-AA31-384F20C7E11F}.Debug|iPhoneSimulator.Build.0 = Debug|Any CPU
		{56C6249F-033B-4558-AA31-384F20C7E11F}.Release|iPhone.ActiveCfg = Release|Any CPU
		{56C6249F-033B-4558-AA31-384F20C7E11F}.Release|iPhone.Build.0 = Release|Any CPU
		{56C6249F-033B-4558-AA31-384F20C7E11F}.Release|iPhoneSimulator.ActiveCfg = Release|Any CPU
		{56C6249F-033B-4558-AA31-384F20C7E11F}.Release|iPhoneSimulator.Build.0 = Release|Any CPU
		{56C6249F-033B-4558-AA31-384F20C7E11F}.Debug|iPhone.ActiveCfg = Debug|Any CPU
		{56C6249F-033B-4558-AA31-384F20C7E11F}.Debug|iPhone.Build.0 = Debug|Any CPU
		{830031BA-EF6A-485D-8BC5-243335FA30C0}.Debug|anycpu.ActiveCfg = Debug|Any CPU
		{830031BA-EF6A-485D-8BC5-243335FA30C0}.Debug|anycpu.Build.0 = Debug|Any CPU
		{830031BA-EF6A-485D-8BC5-243335FA30C0}.Release|anycpu.ActiveCfg = Release|Any CPU
		{830031BA-EF6A-485D-8BC5-243335FA30C0}.Release|anycpu.Build.0 = Release|Any CPU
		{830031BA-EF6A-485D-8BC5-243335FA30C0}.Debug|iPhoneSimulator.ActiveCfg = Debug|Any CPU
		{830031BA-EF6A-485D-8BC5-243335FA30C0}.Debug|iPhoneSimulator.Build.0 = Debug|Any CPU
		{830031BA-EF6A-485D-8BC5-243335FA30C0}.Release|iPhone.ActiveCfg = Release|Any CPU
		{830031BA-EF6A-485D-8BC5-243335FA30C0}.Release|iPhone.Build.0 = Release|Any CPU
		{830031BA-EF6A-485D-8BC5-243335FA30C0}.Release|iPhoneSimulator.ActiveCfg = Release|Any CPU
		{830031BA-EF6A-485D-8BC5-243335FA30C0}.Release|iPhoneSimulator.Build.0 = Release|Any CPU
		{830031BA-EF6A-485D-8BC5-243335FA30C0}.Debug|iPhone.ActiveCfg = Debug|Any CPU
		{830031BA-EF6A-485D-8BC5-243335FA30C0}.Debug|iPhone.Build.0 = Debug|Any CPU
		{5228E7B7-8C29-4C04-8347-E11BF9975265}.Debug|anycpu.ActiveCfg = Debug|Any CPU
		{5228E7B7-8C29-4C04-8347-E11BF9975265}.Debug|anycpu.Build.0 = Debug|Any CPU
		{5228E7B7-8C29-4C04-8347-E11BF9975265}.Release|anycpu.ActiveCfg = Release|Any CPU
		{5228E7B7-8C29-4C04-8347-E11BF9975265}.Release|anycpu.Build.0 = Release|Any CPU
		{5228E7B7-8C29-4C04-8347-E11BF9975265}.Debug|iPhoneSimulator.ActiveCfg = Debug|Any CPU
		{5228E7B7-8C29-4C04-8347-E11BF9975265}.Debug|iPhoneSimulator.Build.0 = Debug|Any CPU
		{5228E7B7-8C29-4C04-8347-E11BF9975265}.Release|iPhone.ActiveCfg = Release|Any CPU
		{5228E7B7-8C29-4C04-8347-E11BF9975265}.Release|iPhone.Build.0 = Release|Any CPU
		{5228E7B7-8C29-4C04-8347-E11BF9975265}.Release|iPhoneSimulator.ActiveCfg = Release|Any CPU
		{5228E7B7-8C29-4C04-8347-E11BF9975265}.Release|iPhoneSimulator.Build.0 = Release|Any CPU
		{5228E7B7-8C29-4C04-8347-E11BF9975265}.Debug|iPhone.ActiveCfg = Debug|Any CPU
		{5228E7B7-8C29-4C04-8347-E11BF9975265}.Debug|iPhone.Build.0 = Debug|Any CPU
		{F4958E7E-F517-41B9-871C-4F3E4A16766F}.Debug|anycpu.ActiveCfg = Debug|Any CPU
		{F4958E7E-F517-41B9-871C-4F3E4A16766F}.Debug|anycpu.Build.0 = Debug|Any CPU
		{F4958E7E-F517-41B9-871C-4F3E4A16766F}.Release|anycpu.ActiveCfg = Release|Any CPU
		{F4958E7E-F517-41B9-871C-4F3E4A16766F}.Release|anycpu.Build.0 = Release|Any CPU
		{F4958E7E-F517-41B9-871C-4F3E4A16766F}.Debug|iPhoneSimulator.ActiveCfg = Debug|Any CPU
		{F4958E7E-F517-41B9-871C-4F3E4A16766F}.Debug|iPhoneSimulator.Build.0 = Debug|Any CPU
		{F4958E7E-F517-41B9-871C-4F3E4A16766F}.Release|iPhone.ActiveCfg = Release|Any CPU
		{F4958E7E-F517-41B9-871C-4F3E4A16766F}.Release|iPhone.Build.0 = Release|Any CPU
		{F4958E7E-F517-41B9-871C-4F3E4A16766F}.Release|iPhoneSimulator.ActiveCfg = Release|Any CPU
		{F4958E7E-F517-41B9-871C-4F3E4A16766F}.Release|iPhoneSimulator.Build.0 = Release|Any CPU
		{F4958E7E-F517-41B9-871C-4F3E4A16766F}.Debug|iPhone.ActiveCfg = Debug|Any CPU
		{F4958E7E-F517-41B9-871C-4F3E4A16766F}.Debug|iPhone.Build.0 = Debug|Any CPU
		{EB884A9A-7760-4CB9-B6EE-0B90E3FC3AE0}.Debug|anycpu.ActiveCfg = Debug|Any CPU
		{EB884A9A-7760-4CB9-B6EE-0B90E3FC3AE0}.Debug|anycpu.Build.0 = Debug|Any CPU
		{EB884A9A-7760-4CB9-B6EE-0B90E3FC3AE0}.Release|anycpu.ActiveCfg = Release|Any CPU
		{EB884A9A-7760-4CB9-B6EE-0B90E3FC3AE0}.Release|anycpu.Build.0 = Release|Any CPU
		{EB884A9A-7760-4CB9-B6EE-0B90E3FC3AE0}.Debug|iPhoneSimulator.ActiveCfg = Debug|Any CPU
		{EB884A9A-7760-4CB9-B6EE-0B90E3FC3AE0}.Debug|iPhoneSimulator.Build.0 = Debug|Any CPU
		{EB884A9A-7760-4CB9-B6EE-0B90E3FC3AE0}.Release|iPhone.ActiveCfg = Release|Any CPU
		{EB884A9A-7760-4CB9-B6EE-0B90E3FC3AE0}.Release|iPhone.Build.0 = Release|Any CPU
		{EB884A9A-7760-4CB9-B6EE-0B90E3FC3AE0}.Release|iPhoneSimulator.ActiveCfg = Release|Any CPU
		{EB884A9A-7760-4CB9-B6EE-0B90E3FC3AE0}.Release|iPhoneSimulator.Build.0 = Release|Any CPU
		{EB884A9A-7760-4CB9-B6EE-0B90E3FC3AE0}.Debug|iPhone.ActiveCfg = Debug|Any CPU
		{EB884A9A-7760-4CB9-B6EE-0B90E3FC3AE0}.Debug|iPhone.Build.0 = Debug|Any CPU
		{014FE67F-FE42-4AF5-8A97-2A11E1665647}.Debug|anycpu.ActiveCfg = Debug|Any CPU
		{014FE67F-FE42-4AF5-8A97-2A11E1665647}.Debug|anycpu.Build.0 = Debug|Any CPU
		{014FE67F-FE42-4AF5-8A97-2A11E1665647}.Release|anycpu.ActiveCfg = Release|Any CPU
		{014FE67F-FE42-4AF5-8A97-2A11E1665647}.Release|anycpu.Build.0 = Release|Any CPU
		{014FE67F-FE42-4AF5-8A97-2A11E1665647}.Debug|iPhoneSimulator.ActiveCfg = Debug|Any CPU
		{014FE67F-FE42-4AF5-8A97-2A11E1665647}.Debug|iPhoneSimulator.Build.0 = Debug|Any CPU
		{014FE67F-FE42-4AF5-8A97-2A11E1665647}.Release|iPhone.ActiveCfg = Release|Any CPU
		{014FE67F-FE42-4AF5-8A97-2A11E1665647}.Release|iPhone.Build.0 = Release|Any CPU
		{014FE67F-FE42-4AF5-8A97-2A11E1665647}.Release|iPhoneSimulator.ActiveCfg = Release|Any CPU
		{014FE67F-FE42-4AF5-8A97-2A11E1665647}.Release|iPhoneSimulator.Build.0 = Release|Any CPU
		{014FE67F-FE42-4AF5-8A97-2A11E1665647}.Debug|iPhone.ActiveCfg = Debug|Any CPU
		{014FE67F-FE42-4AF5-8A97-2A11E1665647}.Debug|iPhone.Build.0 = Debug|Any CPU
		{F5B03DAF-E70B-45BB-AEC2-508E1F8CD3C5}.Debug|anycpu.ActiveCfg = Debug|Any CPU
		{F5B03DAF-E70B-45BB-AEC2-508E1F8CD3C5}.Debug|anycpu.Build.0 = Debug|Any CPU
		{F5B03DAF-E70B-45BB-AEC2-508E1F8CD3C5}.Release|anycpu.ActiveCfg = Release|Any CPU
		{F5B03DAF-E70B-45BB-AEC2-508E1F8CD3C5}.Release|anycpu.Build.0 = Release|Any CPU
		{F5B03DAF-E70B-45BB-AEC2-508E1F8CD3C5}.Debug|iPhoneSimulator.ActiveCfg = Debug|Any CPU
		{F5B03DAF-E70B-45BB-AEC2-508E1F8CD3C5}.Debug|iPhoneSimulator.Build.0 = Debug|Any CPU
		{F5B03DAF-E70B-45BB-AEC2-508E1F8CD3C5}.Release|iPhone.ActiveCfg = Release|Any CPU
		{F5B03DAF-E70B-45BB-AEC2-508E1F8CD3C5}.Release|iPhone.Build.0 = Release|Any CPU
		{F5B03DAF-E70B-45BB-AEC2-508E1F8CD3C5}.Release|iPhoneSimulator.ActiveCfg = Release|Any CPU
		{F5B03DAF-E70B-45BB-AEC2-508E1F8CD3C5}.Release|iPhoneSimulator.Build.0 = Release|Any CPU
		{F5B03DAF-E70B-45BB-AEC2-508E1F8CD3C5}.Debug|iPhone.ActiveCfg = Debug|Any CPU
		{F5B03DAF-E70B-45BB-AEC2-508E1F8CD3C5}.Debug|iPhone.Build.0 = Debug|Any CPU
		{0EE6FB7C-C173-48AE-9B6A-E399372F65EC}.Debug|anycpu.ActiveCfg = Debug|Any CPU
		{0EE6FB7C-C173-48AE-9B6A-E399372F65EC}.Debug|anycpu.Build.0 = Debug|Any CPU
		{0EE6FB7C-C173-48AE-9B6A-E399372F65EC}.Release|anycpu.ActiveCfg = Release|Any CPU
		{0EE6FB7C-C173-48AE-9B6A-E399372F65EC}.Release|anycpu.Build.0 = Release|Any CPU
		{0EE6FB7C-C173-48AE-9B6A-E399372F65EC}.Debug|iPhoneSimulator.ActiveCfg = Debug|Any CPU
		{0EE6FB7C-C173-48AE-9B6A-E399372F65EC}.Debug|iPhoneSimulator.Build.0 = Debug|Any CPU
		{0EE6FB7C-C173-48AE-9B6A-E399372F65EC}.Release|iPhone.ActiveCfg = Release|Any CPU
		{0EE6FB7C-C173-48AE-9B6A-E399372F65EC}.Release|iPhone.Build.0 = Release|Any CPU
		{0EE6FB7C-C173-48AE-9B6A-E399372F65EC}.Release|iPhoneSimulator.ActiveCfg = Release|Any CPU
		{0EE6FB7C-C173-48AE-9B6A-E399372F65EC}.Release|iPhoneSimulator.Build.0 = Release|Any CPU
		{0EE6FB7C-C173-48AE-9B6A-E399372F65EC}.Debug|iPhone.ActiveCfg = Debug|Any CPU
		{0EE6FB7C-C173-48AE-9B6A-E399372F65EC}.Debug|iPhone.Build.0 = Debug|Any CPU
		{9AA61866-BB4C-4A0E-B903-B2E0E5649175}.Debug|anycpu.ActiveCfg = Debug|Any CPU
		{9AA61866-BB4C-4A0E-B903-B2E0E5649175}.Debug|anycpu.Build.0 = Debug|Any CPU
		{9AA61866-BB4C-4A0E-B903-B2E0E5649175}.Release|anycpu.ActiveCfg = Release|Any CPU
		{9AA61866-BB4C-4A0E-B903-B2E0E5649175}.Release|anycpu.Build.0 = Release|Any CPU
		{9AA61866-BB4C-4A0E-B903-B2E0E5649175}.Debug|iPhoneSimulator.ActiveCfg = Debug|Any CPU
		{9AA61866-BB4C-4A0E-B903-B2E0E5649175}.Debug|iPhoneSimulator.Build.0 = Debug|Any CPU
		{9AA61866-BB4C-4A0E-B903-B2E0E5649175}.Release|iPhone.ActiveCfg = Release|Any CPU
		{9AA61866-BB4C-4A0E-B903-B2E0E5649175}.Release|iPhone.Build.0 = Release|Any CPU
		{9AA61866-BB4C-4A0E-B903-B2E0E5649175}.Release|iPhoneSimulator.ActiveCfg = Release|Any CPU
		{9AA61866-BB4C-4A0E-B903-B2E0E5649175}.Release|iPhoneSimulator.Build.0 = Release|Any CPU
		{9AA61866-BB4C-4A0E-B903-B2E0E5649175}.Debug|iPhone.ActiveCfg = Debug|Any CPU
		{9AA61866-BB4C-4A0E-B903-B2E0E5649175}.Debug|iPhone.Build.0 = Debug|Any CPU
		{93CB160C-AE69-44AA-A0B2-E2BCC2ACF9BA}.Debug|anycpu.ActiveCfg = Debug|Any CPU
		{93CB160C-AE69-44AA-A0B2-E2BCC2ACF9BA}.Debug|anycpu.Build.0 = Debug|Any CPU
		{93CB160C-AE69-44AA-A0B2-E2BCC2ACF9BA}.Release|anycpu.ActiveCfg = Release|Any CPU
		{93CB160C-AE69-44AA-A0B2-E2BCC2ACF9BA}.Release|anycpu.Build.0 = Release|Any CPU
		{93CB160C-AE69-44AA-A0B2-E2BCC2ACF9BA}.Debug|iPhoneSimulator.ActiveCfg = Debug|Any CPU
		{93CB160C-AE69-44AA-A0B2-E2BCC2ACF9BA}.Debug|iPhoneSimulator.Build.0 = Debug|Any CPU
		{93CB160C-AE69-44AA-A0B2-E2BCC2ACF9BA}.Release|iPhone.ActiveCfg = Release|Any CPU
		{93CB160C-AE69-44AA-A0B2-E2BCC2ACF9BA}.Release|iPhone.Build.0 = Release|Any CPU
		{93CB160C-AE69-44AA-A0B2-E2BCC2ACF9BA}.Release|iPhoneSimulator.ActiveCfg = Release|Any CPU
		{93CB160C-AE69-44AA-A0B2-E2BCC2ACF9BA}.Release|iPhoneSimulator.Build.0 = Release|Any CPU
		{93CB160C-AE69-44AA-A0B2-E2BCC2ACF9BA}.Debug|iPhone.ActiveCfg = Debug|Any CPU
		{93CB160C-AE69-44AA-A0B2-E2BCC2ACF9BA}.Debug|iPhone.Build.0 = Debug|Any CPU
		{A0731AFC-D504-4F3D-88BF-012158756B4F}.Debug|anycpu.ActiveCfg = Debug|Any CPU
		{A0731AFC-D504-4F3D-88BF-012158756B4F}.Debug|anycpu.Build.0 = Debug|Any CPU
		{A0731AFC-D504-4F3D-88BF-012158756B4F}.Release|anycpu.ActiveCfg = Release|Any CPU
		{A0731AFC-D504-4F3D-88BF-012158756B4F}.Release|anycpu.Build.0 = Release|Any CPU
		{A0731AFC-D504-4F3D-88BF-012158756B4F}.Debug|iPhoneSimulator.ActiveCfg = Debug|Any CPU
		{A0731AFC-D504-4F3D-88BF-012158756B4F}.Debug|iPhoneSimulator.Build.0 = Debug|Any CPU
		{A0731AFC-D504-4F3D-88BF-012158756B4F}.Release|iPhone.ActiveCfg = Release|Any CPU
		{A0731AFC-D504-4F3D-88BF-012158756B4F}.Release|iPhone.Build.0 = Release|Any CPU
		{A0731AFC-D504-4F3D-88BF-012158756B4F}.Release|iPhoneSimulator.ActiveCfg = Release|Any CPU
		{A0731AFC-D504-4F3D-88BF-012158756B4F}.Release|iPhoneSimulator.Build.0 = Release|Any CPU
		{A0731AFC-D504-4F3D-88BF-012158756B4F}.Debug|iPhone.ActiveCfg = Debug|Any CPU
		{A0731AFC-D504-4F3D-88BF-012158756B4F}.Debug|iPhone.Build.0 = Debug|Any CPU
	EndGlobalSection
	GlobalSection(NestedProjects) = preSolution
		{FD3CC800-1FCE-4E9A-84A8-DD9A5A9BC524} = {7FD4F8FF-60EE-4BE9-9C15-4CFF47D488FF}
		{75359A0A-B2E1-4646-B36A-1732622BDA7D} = {7FD4F8FF-60EE-4BE9-9C15-4CFF47D488FF}
		{BA866366-D667-4796-A880-D8569CA0418B} = {7FD4F8FF-60EE-4BE9-9C15-4CFF47D488FF}
		{40062F00-F1AC-494B-8D81-721FC62BE882} = {DC7AD346-A1AB-439E-AC1A-122CB2BC2D2E}
		{A15ADB16-693C-469C-B08C-365AE7893553} = {DC7AD346-A1AB-439E-AC1A-122CB2BC2D2E}
		{CBF6F630-9FF3-40B7-A402-0E729ABDDEE5} = {DC7AD346-A1AB-439E-AC1A-122CB2BC2D2E}
		{E4765647-7CAD-42AB-A540-FDB69789D2F0} = {B328105B-5443-4594-A24F-E24E03AC7744}
		{59AF940A-55D4-425D-9A49-DFD0DC555ACE} = {B328105B-5443-4594-A24F-E24E03AC7744}
		{4D8F90CA-A9DD-4D79-B17E-53725B6B111B} = {B328105B-5443-4594-A24F-E24E03AC7744}
		{75C90729-A0DF-47A8-93E8-2460490A1343} = {B328105B-5443-4594-A24F-E24E03AC7744}
		{B021DC28-98A9-4DC2-8DE7-498FDA6BB58A} = {B328105B-5443-4594-A24F-E24E03AC7744}
		{56C6249F-033B-4558-AA31-384F20C7E11F} = {B328105B-5443-4594-A24F-E24E03AC7744}
		{830031BA-EF6A-485D-8BC5-243335FA30C0} = {B328105B-5443-4594-A24F-E24E03AC7744}
		{5228E7B7-8C29-4C04-8347-E11BF9975265} = {B328105B-5443-4594-A24F-E24E03AC7744}
		{F4958E7E-F517-41B9-871C-4F3E4A16766F} = {B328105B-5443-4594-A24F-E24E03AC7744}
		{EB884A9A-7760-4CB9-B6EE-0B90E3FC3AE0} = {B328105B-5443-4594-A24F-E24E03AC7744}
		{014FE67F-FE42-4AF5-8A97-2A11E1665647} = {B328105B-5443-4594-A24F-E24E03AC7744}
		{F5B03DAF-E70B-45BB-AEC2-508E1F8CD3C5} = {B328105B-5443-4594-A24F-E24E03AC7744}
		{0EE6FB7C-C173-48AE-9B6A-E399372F65EC} = {B328105B-5443-4594-A24F-E24E03AC7744}
		{9AA61866-BB4C-4A0E-B903-B2E0E5649175} = {B328105B-5443-4594-A24F-E24E03AC7744}
		{93CB160C-AE69-44AA-A0B2-E2BCC2ACF9BA} = {B328105B-5443-4594-A24F-E24E03AC7744}
		{A0731AFC-D504-4F3D-88BF-012158756B4F} = {B328105B-5443-4594-A24F-E24E03AC7744}
	EndGlobalSection
EndGlobal
